
Microsoft Visual Studio Solution File, Format Version 12.00
# Visual Studio Version 17
VisualStudioVersion = 17.0.31903.59
MinimumVisualStudioVersion = 10.0.40219.1
Project("{FAE04EC0-301F-11D3-BF4B-00C04F79EFBC}") = "FinancePlanner.API", "FinancePlanner.API\FinancePlanner.API.csproj", "{7779DB09-C034-46F7-865C-11F4B317AA32}"
EndProject
Project("{FAE04EC0-301F-11D3-BF4B-00C04F79EFBC}") = "FinancePlanner.Infrastructure", "FinancePlanner.Infrastructure\FinancePlanner.Infrastructure.csproj", "{9B822BD9-CF18-4094-A72B-DDBB32E3CDF6}"
EndProject
Project("{FAE04EC0-301F-11D3-BF4B-00C04F79EFBC}") = "FinancePlanner.UnitTests", "FinancePlanner.UnitTests\FinancePlanner.UnitTests.csproj", "{4777A3F4-7A03-4957-8B03-A19AD0BC453A}"
EndProject
Project("{FAE04EC0-301F-11D3-BF4B-00C04F79EFBC}") = "FinancePlanner.Common", "FinancePlanner.Common\FinancePlanner.Common.csproj", "{BC2B3D98-0E29-4986-AC4B-0B9939D3432A}"
EndProject
Global
	GlobalSection(SolutionConfigurationPlatforms) = preSolution
		Debug|Any CPU = Debug|Any CPU
		Debug|x64 = Debug|x64
		Debug|x86 = Debug|x86
		Release|Any CPU = Release|Any CPU
		Release|x64 = Release|x64
		Release|x86 = Release|x86
	EndGlobalSection
	GlobalSection(ProjectConfigurationPlatforms) = postSolution
		{7779DB09-C034-46F7-865C-11F4B317AA32}.Debug|Any CPU.ActiveCfg = Debug|Any CPU
		{7779DB09-C034-46F7-865C-11F4B317AA32}.Debug|Any CPU.Build.0 = Debug|Any CPU
		{7779DB09-C034-46F7-865C-11F4B317AA32}.Debug|x64.ActiveCfg = Debug|Any CPU
		{7779DB09-C034-46F7-865C-11F4B317AA32}.Debug|x64.Build.0 = Debug|Any CPU
		{7779DB09-C034-46F7-865C-11F4B317AA32}.Debug|x86.ActiveCfg = Debug|Any CPU
		{7779DB09-C034-46F7-865C-11F4B317AA32}.Debug|x86.Build.0 = Debug|Any CPU
		{7779DB09-C034-46F7-865C-11F4B317AA32}.Release|Any CPU.ActiveCfg = Release|Any CPU
		{7779DB09-C034-46F7-865C-11F4B317AA32}.Release|Any CPU.Build.0 = Release|Any CPU
		{7779DB09-C034-46F7-865C-11F4B317AA32}.Release|x64.ActiveCfg = Release|Any CPU
		{7779DB09-C034-46F7-865C-11F4B317AA32}.Release|x64.Build.0 = Release|Any CPU
		{7779DB09-C034-46F7-865C-11F4B317AA32}.Release|x86.ActiveCfg = Release|Any CPU
		{7779DB09-C034-46F7-865C-11F4B317AA32}.Release|x86.Build.0 = Release|Any CPU
		{9B822BD9-CF18-4094-A72B-DDBB32E3CDF6}.Debug|Any CPU.ActiveCfg = Debug|Any CPU
		{9B822BD9-CF18-4094-A72B-DDBB32E3CDF6}.Debug|Any CPU.Build.0 = Debug|Any CPU
		{9B822BD9-CF18-4094-A72B-DDBB32E3CDF6}.Debug|x64.ActiveCfg = Debug|Any CPU
		{9B822BD9-CF18-4094-A72B-DDBB32E3CDF6}.Debug|x64.Build.0 = Debug|Any CPU
		{9B822BD9-CF18-4094-A72B-DDBB32E3CDF6}.Debug|x86.ActiveCfg = Debug|Any CPU
		{9B822BD9-CF18-4094-A72B-DDBB32E3CDF6}.Debug|x86.Build.0 = Debug|Any CPU
		{9B822BD9-CF18-4094-A72B-DDBB32E3CDF6}.Release|Any CPU.ActiveCfg = Release|Any CPU
		{9B822BD9-CF18-4094-A72B-DDBB32E3CDF6}.Release|Any CPU.Build.0 = Release|Any CPU
		{9B822BD9-CF18-4094-A72B-DDBB32E3CDF6}.Release|x64.ActiveCfg = Release|Any CPU
		{9B822BD9-CF18-4094-A72B-DDBB32E3CDF6}.Release|x64.Build.0 = Release|Any CPU
		{9B822BD9-CF18-4094-A72B-DDBB32E3CDF6}.Release|x86.ActiveCfg = Release|Any CPU
		{9B822BD9-CF18-4094-A72B-DDBB32E3CDF6}.Release|x86.Build.0 = Release|Any CPU
		{4777A3F4-7A03-4957-8B03-A19AD0BC453A}.Debug|Any CPU.ActiveCfg = Debug|Any CPU
		{4777A3F4-7A03-4957-8B03-A19AD0BC453A}.Debug|Any CPU.Build.0 = Debug|Any CPU
		{4777A3F4-7A03-4957-8B03-A19AD0BC453A}.Debug|x64.ActiveCfg = Debug|Any CPU
		{4777A3F4-7A03-4957-8B03-A19AD0BC453A}.Debug|x64.Build.0 = Debug|Any CPU
		{4777A3F4-7A03-4957-8B03-A19AD0BC453A}.Debug|x86.ActiveCfg = Debug|Any CPU
		{4777A3F4-7A03-4957-8B03-A19AD0BC453A}.Debug|x86.Build.0 = Debug|Any CPU
		{4777A3F4-7A03-4957-8B03-A19AD0BC453A}.Release|Any CPU.ActiveCfg = Release|Any CPU
		{4777A3F4-7A03-4957-8B03-A19AD0BC453A}.Release|Any CPU.Build.0 = Release|Any CPU
		{4777A3F4-7A03-4957-8B03-A19AD0BC453A}.Release|x64.ActiveCfg = Release|Any CPU
		{4777A3F4-7A03-4957-8B03-A19AD0BC453A}.Release|x64.Build.0 = Release|Any CPU
		{4777A3F4-7A03-4957-8B03-A19AD0BC453A}.Release|x86.ActiveCfg = Release|Any CPU
		{4777A3F4-7A03-4957-8B03-A19AD0BC453A}.Release|x86.Build.0 = Release|Any CPU
		{BC2B3D98-0E29-4986-AC4B-0B9939D3432A}.Debug|Any CPU.ActiveCfg = Debug|Any CPU
		{BC2B3D98-0E29-4986-AC4B-0B9939D3432A}.Debug|Any CPU.Build.0 = Debug|Any CPU
		{BC2B3D98-0E29-4986-AC4B-0B9939D3432A}.Debug|x64.ActiveCfg = Debug|Any CPU
		{BC2B3D98-0E29-4986-AC4B-0B9939D3432A}.Debug|x64.Build.0 = Debug|Any CPU
		{BC2B3D98-0E29-4986-AC4B-0B9939D3432A}.Debug|x86.ActiveCfg = Debug|Any CPU
		{BC2B3D98-0E29-4986-AC4B-0B9939D3432A}.Debug|x86.Build.0 = Debug|Any CPU
		{BC2B3D98-0E29-4986-AC4B-0B9939D3432A}.Release|Any CPU.ActiveCfg = Release|Any CPU
		{BC2B3D98-0E29-4986-AC4B-0B9939D3432A}.Release|Any CPU.Build.0 = Release|Any CPU
		{BC2B3D98-0E29-4986-AC4B-0B9939D3432A}.Release|x64.ActiveCfg = Release|Any CPU
		{BC2B3D98-0E29-4986-AC4B-0B9939D3432A}.Release|x64.Build.0 = Release|Any CPU
		{BC2B3D98-0E29-4986-AC4B-0B9939D3432A}.Release|x86.ActiveCfg = Release|Any CPU
		{BC2B3D98-0E29-4986-AC4B-0B9939D3432A}.Release|x86.Build.0 = Release|Any CPU
	EndGlobalSection
	GlobalSection(SolutionProperties) = preSolution
		HideSolutionNode = FALSE
	EndGlobalSection
	GlobalSection(ExtensibilityGlobals) = postSolution
		SolutionGuid = {715A38C6-DF9A-4345-89CE-C5B6CDF4C1DD}
	EndGlobalSection
EndGlobal
